
Microsoft Visual Studio Solution File, Format Version 12.00
# Visual Studio 15
VisualStudioVersion = 15.0.26020.0
MinimumVisualStudioVersion = 10.0.40219.1
Project("{2150E333-8FDC-42A3-9474-1A3956D46DE8}") = "src", "src", "{BD284773-8E81-4520-B9AE-EA89EDB03828}"
EndProject
Project("{FAE04EC0-301F-11D3-BF4B-00C04F79EFBC}") = "ForgetTheMilk", "src\ForgetTheMilk\ForgetTheMilk.csproj", "{67EBC2BA-31E9-459F-9432-1609DDF49D6E}"
EndProject
Global
	GlobalSection(SolutionConfigurationPlatforms) = preSolution
		Debug|Any CPU = Debug|Any CPU
		Debug|x64 = Debug|x64
		Debug|x86 = Debug|x86
		Release|Any CPU = Release|Any CPU
		Release|x64 = Release|x64
		Release|x86 = Release|x86
	EndGlobalSection
	GlobalSection(ProjectConfigurationPlatforms) = postSolution
		{67EBC2BA-31E9-459F-9432-1609DDF49D6E}.Debug|Any CPU.ActiveCfg = Debug|Any CPU
		{67EBC2BA-31E9-459F-9432-1609DDF49D6E}.Debug|Any CPU.Build.0 = Debug|Any CPU
		{67EBC2BA-31E9-459F-9432-1609DDF49D6E}.Debug|x64.ActiveCfg = Debug|x64
		{67EBC2BA-31E9-459F-9432-1609DDF49D6E}.Debug|x64.Build.0 = Debug|x64
		{67EBC2BA-31E9-459F-9432-1609DDF49D6E}.Debug|x86.ActiveCfg = Debug|x86
		{67EBC2BA-31E9-459F-9432-1609DDF49D6E}.Debug|x86.Build.0 = Debug|x86
		{67EBC2BA-31E9-459F-9432-1609DDF49D6E}.Release|Any CPU.ActiveCfg = Release|Any CPU
		{67EBC2BA-31E9-459F-9432-1609DDF49D6E}.Release|Any CPU.Build.0 = Release|Any CPU
		{67EBC2BA-31E9-459F-9432-1609DDF49D6E}.Release|x64.ActiveCfg = Release|x64
		{67EBC2BA-31E9-459F-9432-1609DDF49D6E}.Release|x64.Build.0 = Release|x64
		{67EBC2BA-31E9-459F-9432-1609DDF49D6E}.Release|x86.ActiveCfg = Release|x86
		{67EBC2BA-31E9-459F-9432-1609DDF49D6E}.Release|x86.Build.0 = Release|x86
	EndGlobalSection
	GlobalSection(SolutionProperties) = preSolution
		HideSolutionNode = FALSE
	EndGlobalSection
	GlobalSection(NestedProjects) = preSolution
		{67EBC2BA-31E9-459F-9432-1609DDF49D6E} = {BD284773-8E81-4520-B9AE-EA89EDB03828}
	EndGlobalSection
EndGlobal
